
Microsoft Visual Studio Solution File, Format Version 10.00
# Visual Studio 2008
Project("{FAE04EC0-301F-11D3-BF4B-00C04F79EFBC}") = "CsharpLibrary", "CsharpLibrary\CsharpLibrary.csproj", "{6B143B3B-11B6-473F-9D2A-15A92BA4B635}"
EndProject
Global
	GlobalSection(SolutionConfigurationPlatforms) = preSolution
		Debug|Any CPU = Debug|Any CPU
		Release|Any CPU = Release|Any CPU
	EndGlobalSection
	GlobalSection(ProjectConfigurationPlatforms) = postSolution
		{6B143B3B-11B6-473F-9D2A-15A92BA4B635}.Debug|Any CPU.ActiveCfg = Debug|Any CPU
		{6B143B3B-11B6-473F-9D2A-15A92BA4B635}.Debug|Any CPU.Build.0 = Debug|Any CPU
		{6B143B3B-11B6-473F-9D2A-15A92BA4B635}.Release|Any CPU.ActiveCfg = Release|Any CPU
		{6B143B3B-11B6-473F-9D2A-15A92BA4B635}.Release|Any CPU.Build.0 = Release|Any CPU
	EndGlobalSection
	GlobalSection(MonoDevelopProperties) = preSolution
		StartupItem = CsharpLibrary\CsharpLibrary.csproj
	EndGlobalSection
EndGlobal
